
Microsoft Visual Studio Solution File, Format Version 12.00
# Visual Studio Version 17
VisualStudioVersion = 17.9.34607.119
MinimumVisualStudioVersion = 10.0.40219.1
Project("{FAE04EC0-301F-11D3-BF4B-00C04F79EFBC}") = "AgencyDomain", "AgencyDomain\AgencyDomain.csproj", "{22E4BDB7-70E1-47C3-92B7-D721B11E186E}"
EndProject
Project("{FAE04EC0-301F-11D3-BF4B-00C04F79EFBC}") = "AgencyInfrastructure", "AgencyInfrastructure\AgencyInfrastructure.csproj", "{77D190A3-1897-4965-8E68-0183FD508480}"
EndProject
Global
	GlobalSection(SolutionConfigurationPlatforms) = preSolution
		Debug|Any CPU = Debug|Any CPU
		Release|Any CPU = Release|Any CPU
	EndGlobalSection
	GlobalSection(ProjectConfigurationPlatforms) = postSolution
		{22E4BDB7-70E1-47C3-92B7-D721B11E186E}.Debug|Any CPU.ActiveCfg = Debug|Any CPU
		{22E4BDB7-70E1-47C3-92B7-D721B11E186E}.Debug|Any CPU.Build.0 = Debug|Any CPU
		{22E4BDB7-70E1-47C3-92B7-D721B11E186E}.Release|Any CPU.ActiveCfg = Release|Any CPU
		{22E4BDB7-70E1-47C3-92B7-D721B11E186E}.Release|Any CPU.Build.0 = Release|Any CPU
		{77D190A3-1897-4965-8E68-0183FD508480}.Debug|Any CPU.ActiveCfg = Debug|Any CPU
		{77D190A3-1897-4965-8E68-0183FD508480}.Debug|Any CPU.Build.0 = Debug|Any CPU
		{77D190A3-1897-4965-8E68-0183FD508480}.Release|Any CPU.ActiveCfg = Release|Any CPU
		{77D190A3-1897-4965-8E68-0183FD508480}.Release|Any CPU.Build.0 = Release|Any CPU
	EndGlobalSection
	GlobalSection(SolutionProperties) = preSolution
		HideSolutionNode = FALSE
	EndGlobalSection
	GlobalSection(ExtensibilityGlobals) = postSolution
		SolutionGuid = {1FA858B5-C89B-4F5A-9BAB-788F9654222C}
	EndGlobalSection
EndGlobal
